
Microsoft Visual Studio Solution File, Format Version 12.00
# Visual Studio Version 17
VisualStudioVersion = 17.8.34004.107
MinimumVisualStudioVersion = 10.0.40219.1
Project("{9A19103F-16F7-4668-BE54-9A1E7A4F7556}") = "TnTComponents", "TnTComponents\TnTComponents.csproj", "{9EC60911-4687-4068-AED4-23CDDDBC77A9}"
EndProject
Project("{9A19103F-16F7-4668-BE54-9A1E7A4F7556}") = "TnTComponents.Server", "TnTComponents.Testing\TnTComponents.Server\TnTComponents.Server.csproj", "{CAC8117A-B415-4914-B821-7A98F85A0F96}"
EndProject
Project("{9A19103F-16F7-4668-BE54-9A1E7A4F7556}") = "TnTComponents.Client", "TnTComponents.Testing\TnTComponents.Client\TnTComponents.Client.csproj", "{7DCBB222-C1C3-4388-92E0-0B9C923FA897}"
EndProject
Global
	GlobalSection(SolutionConfigurationPlatforms) = preSolution
		Debug|Any CPU = Debug|Any CPU
		Release|Any CPU = Release|Any CPU
	EndGlobalSection
	GlobalSection(ProjectConfigurationPlatforms) = postSolution
		{9EC60911-4687-4068-AED4-23CDDDBC77A9}.Debug|Any CPU.ActiveCfg = Debug|Any CPU
		{9EC60911-4687-4068-AED4-23CDDDBC77A9}.Debug|Any CPU.Build.0 = Debug|Any CPU
		{9EC60911-4687-4068-AED4-23CDDDBC77A9}.Release|Any CPU.ActiveCfg = Release|Any CPU
		{9EC60911-4687-4068-AED4-23CDDDBC77A9}.Release|Any CPU.Build.0 = Release|Any CPU
		{CAC8117A-B415-4914-B821-7A98F85A0F96}.Debug|Any CPU.ActiveCfg = Debug|Any CPU
		{CAC8117A-B415-4914-B821-7A98F85A0F96}.Debug|Any CPU.Build.0 = Debug|Any CPU
		{CAC8117A-B415-4914-B821-7A98F85A0F96}.Release|Any CPU.ActiveCfg = Release|Any CPU
		{CAC8117A-B415-4914-B821-7A98F85A0F96}.Release|Any CPU.Build.0 = Release|Any CPU
		{7DCBB222-C1C3-4388-92E0-0B9C923FA897}.Debug|Any CPU.ActiveCfg = Debug|Any CPU
		{7DCBB222-C1C3-4388-92E0-0B9C923FA897}.Debug|Any CPU.Build.0 = Debug|Any CPU
		{7DCBB222-C1C3-4388-92E0-0B9C923FA897}.Release|Any CPU.ActiveCfg = Release|Any CPU
		{7DCBB222-C1C3-4388-92E0-0B9C923FA897}.Release|Any CPU.Build.0 = Release|Any CPU
	EndGlobalSection
	GlobalSection(SolutionProperties) = preSolution
		HideSolutionNode = FALSE
	EndGlobalSection
	GlobalSection(ExtensibilityGlobals) = postSolution
		SolutionGuid = {8EBF358C-C544-4F1E-BC46-165E5ACF38F3}
	EndGlobalSection
EndGlobal
